
Microsoft Visual Studio Solution File, Format Version 12.00
# Visual Studio 15
VisualStudioVersion = 15.0.28307.572
MinimumVisualStudioVersion = 10.0.40219.1
Project("{FAE04EC0-301F-11D3-BF4B-00C04F79EFBC}") = "Vinyl Shop", "Vinyl Shop\Vinyl Shop.csproj", "{37349BFC-7642-4569-8D9E-1420744EC36D}"
EndProject
Global
	GlobalSection(SolutionConfigurationPlatforms) = preSolution
		Debug|Any CPU = Debug|Any CPU
		Release|Any CPU = Release|Any CPU
	EndGlobalSection
	GlobalSection(ProjectConfigurationPlatforms) = postSolution
		{37349BFC-7642-4569-8D9E-1420744EC36D}.Debug|Any CPU.ActiveCfg = Debug|Any CPU
		{37349BFC-7642-4569-8D9E-1420744EC36D}.Debug|Any CPU.Build.0 = Debug|Any CPU
		{37349BFC-7642-4569-8D9E-1420744EC36D}.Release|Any CPU.ActiveCfg = Release|Any CPU
		{37349BFC-7642-4569-8D9E-1420744EC36D}.Release|Any CPU.Build.0 = Release|Any CPU
	EndGlobalSection
	GlobalSection(SolutionProperties) = preSolution
		HideSolutionNode = FALSE
	EndGlobalSection
	GlobalSection(ExtensibilityGlobals) = postSolution
		SolutionGuid = {15AFE1A9-7A89-4F84-8800-9931266A8E99}
	EndGlobalSection
EndGlobal
